<Solution>
  <Folder Name="/src/" />
  <Folder Name="/src/Backend/">
    <Project Path="src/Backend/WestmarchBook.Api/WestmarchBook.Api.csproj" />
    <Project Path="src/Backend/WestmarchBook.Application/WestmarchBook.Application.csproj" />
    <Project Path="src/Backend/WestmarchBook.Domain/WestmarchBook.Domain.csproj" />
    <Project Path="src/Backend/WestmarchBook.Infrastructure/WestmarchBook.Infrastructure.csproj" />
  </Folder>
  <Folder Name="/src/Shared/">
    <Project Path="src/Shared/WestmarchBook.Communication/WestmarchBook.Communication.csproj" />
    <Project Path="src/Shared/WestmarchBook.Exception/WestmarchBook.Exception.csproj" />
  </Folder>
  <Folder Name="/tests/">
    <Project Path="tests/CommonTestUtilities/CommonTestUtilities.csproj" Id="b141eaa7-d86b-4772-80c4-48e08871df69" />
    <Project Path="tests/UseCases.Tests/UseCases.Tests.csproj" Id="6ae2f668-4db1-4195-b760-1156b2dd1ac0" />
    <Project Path="tests/Validators.Tests/Validators.Tests.csproj" Id="82142732-ea69-49ce-b72c-864162facbeb" />
    <Project Path="tests/WebApi.Tests/WebApi.Tests.csproj" Id="2c477439-c533-44ec-8f98-3ee0c7aa515f" />
  </Folder>
</Solution>
