<Solution>
  <Folder Name="/src/" />
  <Folder Name="/src/Backend/">
    <Project Path="src/Backend/WestmarchBook.Api/WestmarchBook.Api.csproj" />
    <Project Path="src/Backend/WestmarchBook.Application/WestmarchBook.Application.csproj" />
    <Project Path="src/Backend/WestmarchBook.Domain/WestmarchBook.Domain.csproj" />
    <Project Path="src/Backend/WestmarchBook.Infrastructure/WestmarchBook.Infrastructure.csproj" />
  </Folder>
  <Folder Name="/src/Shared/">
    <Project Path="src/Shared/WestmarchBook.Communication/WestmarchBook.Communication.csproj" />
    <Project Path="src/Shared/WestmarchBook.Exception/WestmarchBook.Exception.csproj" />
  </Folder>
  <Folder Name="/tests/" />
</Solution>
